
Microsoft Visual Studio Solution File, Format Version 12.00
# Visual Studio Version 17
VisualStudioVersion = 17.9.34902.65
MinimumVisualStudioVersion = 10.0.40219.1
Project("{9A19103F-16F7-4668-BE54-9A1E7A4F7556}") = "Repositories", "BusinessObjects\Repositories.csproj", "{94E701BC-275D-4D68-A0EB-DAE9431A3CE6}"
EndProject
Project("{9A19103F-16F7-4668-BE54-9A1E7A4F7556}") = "DataAccessLayer", "DataAccessLayer\DataAccessLayer.csproj", "{A98C347B-1031-42BC-810A-D151EF29EAD5}"
EndProject
Project("{9A19103F-16F7-4668-BE54-9A1E7A4F7556}") = "BusinessObjects", "BusinessLogicLayer\BusinessObjects.csproj", "{3ECDA8F1-A51E-428E-9067-1D502EA5F710}"
EndProject
Project("{9A19103F-16F7-4668-BE54-9A1E7A4F7556}") = "WPF_EmployeeManagement", "WPF_EmployeeManagement\WPF_EmployeeManagement.csproj", "{2D9EF315-4140-405E-AE1E-C6885B41049B}"
EndProject
Global
	GlobalSection(SolutionConfigurationPlatforms) = preSolution
		Debug|Any CPU = Debug|Any CPU
		Release|Any CPU = Release|Any CPU
	EndGlobalSection
	GlobalSection(ProjectConfigurationPlatforms) = postSolution
		{94E701BC-275D-4D68-A0EB-DAE9431A3CE6}.Debug|Any CPU.ActiveCfg = Debug|Any CPU
		{94E701BC-275D-4D68-A0EB-DAE9431A3CE6}.Debug|Any CPU.Build.0 = Debug|Any CPU
		{94E701BC-275D-4D68-A0EB-DAE9431A3CE6}.Release|Any CPU.ActiveCfg = Release|Any CPU
		{94E701BC-275D-4D68-A0EB-DAE9431A3CE6}.Release|Any CPU.Build.0 = Release|Any CPU
		{A98C347B-1031-42BC-810A-D151EF29EAD5}.Debug|Any CPU.ActiveCfg = Debug|Any CPU
		{A98C347B-1031-42BC-810A-D151EF29EAD5}.Debug|Any CPU.Build.0 = Debug|Any CPU
		{A98C347B-1031-42BC-810A-D151EF29EAD5}.Release|Any CPU.ActiveCfg = Release|Any CPU
		{A98C347B-1031-42BC-810A-D151EF29EAD5}.Release|Any CPU.Build.0 = Release|Any CPU
		{3ECDA8F1-A51E-428E-9067-1D502EA5F710}.Debug|Any CPU.ActiveCfg = Debug|Any CPU
		{3ECDA8F1-A51E-428E-9067-1D502EA5F710}.Debug|Any CPU.Build.0 = Debug|Any CPU
		{3ECDA8F1-A51E-428E-9067-1D502EA5F710}.Release|Any CPU.ActiveCfg = Release|Any CPU
		{3ECDA8F1-A51E-428E-9067-1D502EA5F710}.Release|Any CPU.Build.0 = Release|Any CPU
		{2D9EF315-4140-405E-AE1E-C6885B41049B}.Debug|Any CPU.ActiveCfg = Debug|Any CPU
		{2D9EF315-4140-405E-AE1E-C6885B41049B}.Debug|Any CPU.Build.0 = Debug|Any CPU
		{2D9EF315-4140-405E-AE1E-C6885B41049B}.Release|Any CPU.ActiveCfg = Release|Any CPU
		{2D9EF315-4140-405E-AE1E-C6885B41049B}.Release|Any CPU.Build.0 = Release|Any CPU
	EndGlobalSection
	GlobalSection(SolutionProperties) = preSolution
		HideSolutionNode = FALSE
	EndGlobalSection
	GlobalSection(ExtensibilityGlobals) = postSolution
		SolutionGuid = {725FF6C7-CFCF-4DA3-9FA7-09514D4955CB}
	EndGlobalSection
EndGlobal
